
Microsoft Visual Studio Solution File, Format Version 12.00
# Visual Studio Version 17
VisualStudioVersion = 17.7.34221.43
MinimumVisualStudioVersion = 10.0.40219.1
Project("{FAE04EC0-301F-11D3-BF4B-00C04F79EFBC}") = "TasteCrafters.UWP", "TasteCrafters\TasteCrafters.UWP\TasteCrafters.UWP.csproj", "{E755C325-B201-4D23-AE09-37B1C35235A5}"
EndProject
Project("{FAE04EC0-301F-11D3-BF4B-00C04F79EFBC}") = "TasteCrafters.Android", "TasteCrafters\TasteCrafters.Android\TasteCrafters.Android.csproj", "{F3BFFC82-74D2-4235-9155-E18DC6D1EB96}"
EndProject
Project("{FAE04EC0-301F-11D3-BF4B-00C04F79EFBC}") = "TasteCrafters.iOS", "TasteCrafters\TasteCrafters.iOS\TasteCrafters.iOS.csproj", "{48B1CD8C-EC6E-4A30-BB71-1CD51F34EA0E}"
EndProject
Project("{FAE04EC0-301F-11D3-BF4B-00C04F79EFBC}") = "TasteCrafters", "TasteCrafters\TasteCrafters\TasteCrafters.csproj", "{C51C4DA3-89B1-4454-A584-EDE777640B62}"
EndProject
Global
	GlobalSection(SolutionConfigurationPlatforms) = preSolution
		Debug|Any CPU = Debug|Any CPU
		Debug|ARM = Debug|ARM
		Debug|iPhone = Debug|iPhone
		Debug|iPhoneSimulator = Debug|iPhoneSimulator
		Debug|x64 = Debug|x64
		Debug|x86 = Debug|x86
		Release|Any CPU = Release|Any CPU
		Release|ARM = Release|ARM
		Release|iPhone = Release|iPhone
		Release|iPhoneSimulator = Release|iPhoneSimulator
		Release|x64 = Release|x64
		Release|x86 = Release|x86
	EndGlobalSection
	GlobalSection(ProjectConfigurationPlatforms) = postSolution
		{E755C325-B201-4D23-AE09-37B1C35235A5}.Debug|Any CPU.ActiveCfg = Debug|x64
		{E755C325-B201-4D23-AE09-37B1C35235A5}.Debug|Any CPU.Build.0 = Debug|x64
		{E755C325-B201-4D23-AE09-37B1C35235A5}.Debug|Any CPU.Deploy.0 = Debug|x64
		{E755C325-B201-4D23-AE09-37B1C35235A5}.Debug|ARM.ActiveCfg = Debug|ARM
		{E755C325-B201-4D23-AE09-37B1C35235A5}.Debug|ARM.Build.0 = Debug|ARM
		{E755C325-B201-4D23-AE09-37B1C35235A5}.Debug|ARM.Deploy.0 = Debug|ARM
		{E755C325-B201-4D23-AE09-37B1C35235A5}.Debug|iPhone.ActiveCfg = Debug|x64
		{E755C325-B201-4D23-AE09-37B1C35235A5}.Debug|iPhone.Build.0 = Debug|x64
		{E755C325-B201-4D23-AE09-37B1C35235A5}.Debug|iPhone.Deploy.0 = Debug|x64
		{E755C325-B201-4D23-AE09-37B1C35235A5}.Debug|iPhoneSimulator.ActiveCfg = Debug|x64
		{E755C325-B201-4D23-AE09-37B1C35235A5}.Debug|iPhoneSimulator.Build.0 = Debug|x64
		{E755C325-B201-4D23-AE09-37B1C35235A5}.Debug|iPhoneSimulator.Deploy.0 = Debug|x64
		{E755C325-B201-4D23-AE09-37B1C35235A5}.Debug|x64.ActiveCfg = Debug|x64
		{E755C325-B201-4D23-AE09-37B1C35235A5}.Debug|x64.Build.0 = Debug|x64
		{E755C325-B201-4D23-AE09-37B1C35235A5}.Debug|x64.Deploy.0 = Debug|x64
		{E755C325-B201-4D23-AE09-37B1C35235A5}.Debug|x86.ActiveCfg = Debug|x86
		{E755C325-B201-4D23-AE09-37B1C35235A5}.Debug|x86.Build.0 = Debug|x86
		{E755C325-B201-4D23-AE09-37B1C35235A5}.Debug|x86.Deploy.0 = Debug|x86
		{E755C325-B201-4D23-AE09-37B1C35235A5}.Release|Any CPU.ActiveCfg = Release|x64
		{E755C325-B201-4D23-AE09-37B1C35235A5}.Release|Any CPU.Build.0 = Release|x64
		{E755C325-B201-4D23-AE09-37B1C35235A5}.Release|Any CPU.Deploy.0 = Release|x64
		{E755C325-B201-4D23-AE09-37B1C35235A5}.Release|ARM.ActiveCfg = Release|ARM
		{E755C325-B201-4D23-AE09-37B1C35235A5}.Release|ARM.Build.0 = Release|ARM
		{E755C325-B201-4D23-AE09-37B1C35235A5}.Release|ARM.Deploy.0 = Release|ARM
		{E755C325-B201-4D23-AE09-37B1C35235A5}.Release|iPhone.ActiveCfg = Release|x64
		{E755C325-B201-4D23-AE09-37B1C35235A5}.Release|iPhone.Build.0 = Release|x64
		{E755C325-B201-4D23-AE09-37B1C35235A5}.Release|iPhone.Deploy.0 = Release|x64
		{E755C325-B201-4D23-AE09-37B1C35235A5}.Release|iPhoneSimulator.ActiveCfg = Release|x64
		{E755C325-B201-4D23-AE09-37B1C35235A5}.Release|iPhoneSimulator.Build.0 = Release|x64
		{E755C325-B201-4D23-AE09-37B1C35235A5}.Release|iPhoneSimulator.Deploy.0 = Release|x64
		{E755C325-B201-4D23-AE09-37B1C35235A5}.Release|x64.ActiveCfg = Release|x64
		{E755C325-B201-4D23-AE09-37B1C35235A5}.Release|x64.Build.0 = Release|x64
		{E755C325-B201-4D23-AE09-37B1C35235A5}.Release|x64.Deploy.0 = Release|x64
		{E755C325-B201-4D23-AE09-37B1C35235A5}.Release|x86.ActiveCfg = Release|x86
		{E755C325-B201-4D23-AE09-37B1C35235A5}.Release|x86.Build.0 = Release|x86
		{E755C325-B201-4D23-AE09-37B1C35235A5}.Release|x86.Deploy.0 = Release|x86
		{F3BFFC82-74D2-4235-9155-E18DC6D1EB96}.Debug|Any CPU.ActiveCfg = Debug|Any CPU
		{F3BFFC82-74D2-4235-9155-E18DC6D1EB96}.Debug|Any CPU.Build.0 = Debug|Any CPU
		{F3BFFC82-74D2-4235-9155-E18DC6D1EB96}.Debug|Any CPU.Deploy.0 = Debug|Any CPU
		{F3BFFC82-74D2-4235-9155-E18DC6D1EB96}.Debug|ARM.ActiveCfg = Debug|Any CPU
		{F3BFFC82-74D2-4235-9155-E18DC6D1EB96}.Debug|ARM.Build.0 = Debug|Any CPU
		{F3BFFC82-74D2-4235-9155-E18DC6D1EB96}.Debug|ARM.Deploy.0 = Debug|Any CPU
		{F3BFFC82-74D2-4235-9155-E18DC6D1EB96}.Debug|iPhone.ActiveCfg = Debug|Any CPU
		{F3BFFC82-74D2-4235-9155-E18DC6D1EB96}.Debug|iPhone.Build.0 = Debug|Any CPU
		{F3BFFC82-74D2-4235-9155-E18DC6D1EB96}.Debug|iPhone.Deploy.0 = Debug|Any CPU
		{F3BFFC82-74D2-4235-9155-E18DC6D1EB96}.Debug|iPhoneSimulator.ActiveCfg = Debug|Any CPU
		{F3BFFC82-74D2-4235-9155-E18DC6D1EB96}.Debug|iPhoneSimulator.Build.0 = Debug|Any CPU
		{F3BFFC82-74D2-4235-9155-E18DC6D1EB96}.Debug|iPhoneSimulator.Deploy.0 = Debug|Any CPU
		{F3BFFC82-74D2-4235-9155-E18DC6D1EB96}.Debug|x64.ActiveCfg = Debug|Any CPU
		{F3BFFC82-74D2-4235-9155-E18DC6D1EB96}.Debug|x64.Build.0 = Debug|Any CPU
		{F3BFFC82-74D2-4235-9155-E18DC6D1EB96}.Debug|x64.Deploy.0 = Debug|Any CPU
		{F3BFFC82-74D2-4235-9155-E18DC6D1EB96}.Debug|x86.ActiveCfg = Debug|Any CPU
		{F3BFFC82-74D2-4235-9155-E18DC6D1EB96}.Debug|x86.Build.0 = Debug|Any CPU
		{F3BFFC82-74D2-4235-9155-E18DC6D1EB96}.Debug|x86.Deploy.0 = Debug|Any CPU
		{F3BFFC82-74D2-4235-9155-E18DC6D1EB96}.Release|Any CPU.ActiveCfg = Release|Any CPU
		{F3BFFC82-74D2-4235-9155-E18DC6D1EB96}.Release|Any CPU.Build.0 = Release|Any CPU
		{F3BFFC82-74D2-4235-9155-E18DC6D1EB96}.Release|Any CPU.Deploy.0 = Release|Any CPU
		{F3BFFC82-74D2-4235-9155-E18DC6D1EB96}.Release|ARM.ActiveCfg = Release|Any CPU
		{F3BFFC82-74D2-4235-9155-E18DC6D1EB96}.Release|ARM.Build.0 = Release|Any CPU
		{F3BFFC82-74D2-4235-9155-E18DC6D1EB96}.Release|ARM.Deploy.0 = Release|Any CPU
		{F3BFFC82-74D2-4235-9155-E18DC6D1EB96}.Release|iPhone.ActiveCfg = Release|Any CPU
		{F3BFFC82-74D2-4235-9155-E18DC6D1EB96}.Release|iPhone.Build.0 = Release|Any CPU
		{F3BFFC82-74D2-4235-9155-E18DC6D1EB96}.Release|iPhone.Deploy.0 = Release|Any CPU
		{F3BFFC82-74D2-4235-9155-E18DC6D1EB96}.Release|iPhoneSimulator.ActiveCfg = Release|Any CPU
		{F3BFFC82-74D2-4235-9155-E18DC6D1EB96}.Release|iPhoneSimulator.Build.0 = Release|Any CPU
		{F3BFFC82-74D2-4235-9155-E18DC6D1EB96}.Release|iPhoneSimulator.Deploy.0 = Release|Any CPU
		{F3BFFC82-74D2-4235-9155-E18DC6D1EB96}.Release|x64.ActiveCfg = Release|Any CPU
		{F3BFFC82-74D2-4235-9155-E18DC6D1EB96}.Release|x64.Build.0 = Release|Any CPU
		{F3BFFC82-74D2-4235-9155-E18DC6D1EB96}.Release|x64.Deploy.0 = Release|Any CPU
		{F3BFFC82-74D2-4235-9155-E18DC6D1EB96}.Release|x86.ActiveCfg = Release|Any CPU
		{F3BFFC82-74D2-4235-9155-E18DC6D1EB96}.Release|x86.Build.0 = Release|Any CPU
		{F3BFFC82-74D2-4235-9155-E18DC6D1EB96}.Release|x86.Deploy.0 = Release|Any CPU
		{48B1CD8C-EC6E-4A30-BB71-1CD51F34EA0E}.Debug|Any CPU.ActiveCfg = Debug|iPhoneSimulator
		{48B1CD8C-EC6E-4A30-BB71-1CD51F34EA0E}.Debug|Any CPU.Build.0 = Debug|iPhoneSimulator
		{48B1CD8C-EC6E-4A30-BB71-1CD51F34EA0E}.Debug|Any CPU.Deploy.0 = Debug|iPhoneSimulator
		{48B1CD8C-EC6E-4A30-BB71-1CD51F34EA0E}.Debug|ARM.ActiveCfg = Debug|iPhoneSimulator
		{48B1CD8C-EC6E-4A30-BB71-1CD51F34EA0E}.Debug|ARM.Build.0 = Debug|iPhoneSimulator
		{48B1CD8C-EC6E-4A30-BB71-1CD51F34EA0E}.Debug|ARM.Deploy.0 = Debug|iPhoneSimulator
		{48B1CD8C-EC6E-4A30-BB71-1CD51F34EA0E}.Debug|iPhone.ActiveCfg = Debug|iPhone
		{48B1CD8C-EC6E-4A30-BB71-1CD51F34EA0E}.Debug|iPhone.Build.0 = Debug|iPhone
		{48B1CD8C-EC6E-4A30-BB71-1CD51F34EA0E}.Debug|iPhone.Deploy.0 = Debug|iPhone
		{48B1CD8C-EC6E-4A30-BB71-1CD51F34EA0E}.Debug|iPhoneSimulator.ActiveCfg = Debug|iPhoneSimulator
		{48B1CD8C-EC6E-4A30-BB71-1CD51F34EA0E}.Debug|iPhoneSimulator.Build.0 = Debug|iPhoneSimulator
		{48B1CD8C-EC6E-4A30-BB71-1CD51F34EA0E}.Debug|iPhoneSimulator.Deploy.0 = Debug|iPhoneSimulator
		{48B1CD8C-EC6E-4A30-BB71-1CD51F34EA0E}.Debug|x64.ActiveCfg = Debug|iPhone
		{48B1CD8C-EC6E-4A30-BB71-1CD51F34EA0E}.Debug|x64.Build.0 = Debug|iPhone
		{48B1CD8C-EC6E-4A30-BB71-1CD51F34EA0E}.Debug|x64.Deploy.0 = Debug|iPhone
		{48B1CD8C-EC6E-4A30-BB71-1CD51F34EA0E}.Debug|x86.ActiveCfg = Debug|iPhoneSimulator
		{48B1CD8C-EC6E-4A30-BB71-1CD51F34EA0E}.Debug|x86.Build.0 = Debug|iPhoneSimulator
		{48B1CD8C-EC6E-4A30-BB71-1CD51F34EA0E}.Debug|x86.Deploy.0 = Debug|iPhoneSimulator
		{48B1CD8C-EC6E-4A30-BB71-1CD51F34EA0E}.Release|Any CPU.ActiveCfg = Release|iPhoneSimulator
		{48B1CD8C-EC6E-4A30-BB71-1CD51F34EA0E}.Release|Any CPU.Build.0 = Release|iPhoneSimulator
		{48B1CD8C-EC6E-4A30-BB71-1CD51F34EA0E}.Release|Any CPU.Deploy.0 = Release|iPhoneSimulator
		{48B1CD8C-EC6E-4A30-BB71-1CD51F34EA0E}.Release|ARM.ActiveCfg = Release|iPhoneSimulator
		{48B1CD8C-EC6E-4A30-BB71-1CD51F34EA0E}.Release|ARM.Build.0 = Release|iPhoneSimulator
		{48B1CD8C-EC6E-4A30-BB71-1CD51F34EA0E}.Release|ARM.Deploy.0 = Release|iPhoneSimulator
		{48B1CD8C-EC6E-4A30-BB71-1CD51F34EA0E}.Release|iPhone.ActiveCfg = Release|iPhone
		{48B1CD8C-EC6E-4A30-BB71-1CD51F34EA0E}.Release|iPhone.Build.0 = Release|iPhone
		{48B1CD8C-EC6E-4A30-BB71-1CD51F34EA0E}.Release|iPhone.Deploy.0 = Release|iPhone
		{48B1CD8C-EC6E-4A30-BB71-1CD51F34EA0E}.Release|iPhoneSimulator.ActiveCfg = Release|iPhoneSimulator
		{48B1CD8C-EC6E-4A30-BB71-1CD51F34EA0E}.Release|iPhoneSimulator.Build.0 = Release|iPhoneSimulator
		{48B1CD8C-EC6E-4A30-BB71-1CD51F34EA0E}.Release|iPhoneSimulator.Deploy.0 = Release|iPhoneSimulator
		{48B1CD8C-EC6E-4A30-BB71-1CD51F34EA0E}.Release|x64.ActiveCfg = Release|iPhoneSimulator
		{48B1CD8C-EC6E-4A30-BB71-1CD51F34EA0E}.Release|x64.Build.0 = Release|iPhoneSimulator
		{48B1CD8C-EC6E-4A30-BB71-1CD51F34EA0E}.Release|x64.Deploy.0 = Release|iPhoneSimulator
		{48B1CD8C-EC6E-4A30-BB71-1CD51F34EA0E}.Release|x86.ActiveCfg = Release|iPhoneSimulator
		{48B1CD8C-EC6E-4A30-BB71-1CD51F34EA0E}.Release|x86.Build.0 = Release|iPhoneSimulator
		{48B1CD8C-EC6E-4A30-BB71-1CD51F34EA0E}.Release|x86.Deploy.0 = Release|iPhoneSimulator
		{C51C4DA3-89B1-4454-A584-EDE777640B62}.Debug|Any CPU.ActiveCfg = Debug|Any CPU
		{C51C4DA3-89B1-4454-A584-EDE777640B62}.Debug|Any CPU.Build.0 = Debug|Any CPU
		{C51C4DA3-89B1-4454-A584-EDE777640B62}.Debug|Any CPU.Deploy.0 = Debug|Any CPU
		{C51C4DA3-89B1-4454-A584-EDE777640B62}.Debug|ARM.ActiveCfg = Debug|Any CPU
		{C51C4DA3-89B1-4454-A584-EDE777640B62}.Debug|ARM.Build.0 = Debug|Any CPU
		{C51C4DA3-89B1-4454-A584-EDE777640B62}.Debug|ARM.Deploy.0 = Debug|Any CPU
		{C51C4DA3-89B1-4454-A584-EDE777640B62}.Debug|iPhone.ActiveCfg = Debug|Any CPU
		{C51C4DA3-89B1-4454-A584-EDE777640B62}.Debug|iPhone.Build.0 = Debug|Any CPU
		{C51C4DA3-89B1-4454-A584-EDE777640B62}.Debug|iPhone.Deploy.0 = Debug|Any CPU
		{C51C4DA3-89B1-4454-A584-EDE777640B62}.Debug|iPhoneSimulator.ActiveCfg = Debug|Any CPU
		{C51C4DA3-89B1-4454-A584-EDE777640B62}.Debug|iPhoneSimulator.Build.0 = Debug|Any CPU
		{C51C4DA3-89B1-4454-A584-EDE777640B62}.Debug|iPhoneSimulator.Deploy.0 = Debug|Any CPU
		{C51C4DA3-89B1-4454-A584-EDE777640B62}.Debug|x64.ActiveCfg = Debug|Any CPU
		{C51C4DA3-89B1-4454-A584-EDE777640B62}.Debug|x64.Build.0 = Debug|Any CPU
		{C51C4DA3-89B1-4454-A584-EDE777640B62}.Debug|x64.Deploy.0 = Debug|Any CPU
		{C51C4DA3-89B1-4454-A584-EDE777640B62}.Debug|x86.ActiveCfg = Debug|Any CPU
		{C51C4DA3-89B1-4454-A584-EDE777640B62}.Debug|x86.Build.0 = Debug|Any CPU
		{C51C4DA3-89B1-4454-A584-EDE777640B62}.Debug|x86.Deploy.0 = Debug|Any CPU
		{C51C4DA3-89B1-4454-A584-EDE777640B62}.Release|Any CPU.ActiveCfg = Release|Any CPU
		{C51C4DA3-89B1-4454-A584-EDE777640B62}.Release|Any CPU.Build.0 = Release|Any CPU
		{C51C4DA3-89B1-4454-A584-EDE777640B62}.Release|Any CPU.Deploy.0 = Release|Any CPU
		{C51C4DA3-89B1-4454-A584-EDE777640B62}.Release|ARM.ActiveCfg = Release|Any CPU
		{C51C4DA3-89B1-4454-A584-EDE777640B62}.Release|ARM.Build.0 = Release|Any CPU
		{C51C4DA3-89B1-4454-A584-EDE777640B62}.Release|ARM.Deploy.0 = Release|Any CPU
		{C51C4DA3-89B1-4454-A584-EDE777640B62}.Release|iPhone.ActiveCfg = Release|Any CPU
		{C51C4DA3-89B1-4454-A584-EDE777640B62}.Release|iPhone.Build.0 = Release|Any CPU
		{C51C4DA3-89B1-4454-A584-EDE777640B62}.Release|iPhone.Deploy.0 = Release|Any CPU
		{C51C4DA3-89B1-4454-A584-EDE777640B62}.Release|iPhoneSimulator.ActiveCfg = Release|Any CPU
		{C51C4DA3-89B1-4454-A584-EDE777640B62}.Release|iPhoneSimulator.Build.0 = Release|Any CPU
		{C51C4DA3-89B1-4454-A584-EDE777640B62}.Release|iPhoneSimulator.Deploy.0 = Release|Any CPU
		{C51C4DA3-89B1-4454-A584-EDE777640B62}.Release|x64.ActiveCfg = Release|Any CPU
		{C51C4DA3-89B1-4454-A584-EDE777640B62}.Release|x64.Build.0 = Release|Any CPU
		{C51C4DA3-89B1-4454-A584-EDE777640B62}.Release|x64.Deploy.0 = Release|Any CPU
		{C51C4DA3-89B1-4454-A584-EDE777640B62}.Release|x86.ActiveCfg = Release|Any CPU
		{C51C4DA3-89B1-4454-A584-EDE777640B62}.Release|x86.Build.0 = Release|Any CPU
		{C51C4DA3-89B1-4454-A584-EDE777640B62}.Release|x86.Deploy.0 = Release|Any CPU
	EndGlobalSection
	GlobalSection(SolutionProperties) = preSolution
		HideSolutionNode = FALSE
	EndGlobalSection
	GlobalSection(ExtensibilityGlobals) = postSolution
		SolutionGuid = {EBEEB1C7-A481-4045-BD23-05622C2100CC}
	EndGlobalSection
EndGlobal
